
Microsoft Visual Studio Solution File, Format Version 12.00
# Visual Studio Version 17
VisualStudioVersion = 17.7.34221.43
MinimumVisualStudioVersion = 10.0.40219.1
Project("{FAE04EC0-301F-11D3-BF4B-00C04F79EFBC}") = "01.ClassBoxData", "01.ClassBoxData\01.ClassBoxData.csproj", "{11D4F2AB-4A87-4DD1-8324-ACA107529563}"
EndProject
Project("{9A19103F-16F7-4668-BE54-9A1E7A4F7556}") = "AnimalFarm", "..\AnimalFarm_Skeleton_6.0\AnimalFarm\AnimalFarm.csproj", "{9CD1BD8B-B9A6-431E-A9BE-115795709EDA}"
EndProject
Project("{FAE04EC0-301F-11D3-BF4B-00C04F79EFBC}") = "03.ShoppingSpree", "03.ShoppingSpree\03.ShoppingSpree.csproj", "{0AE897CE-A25E-4F62-88BB-C2796B41C138}"
EndProject
Global
	GlobalSection(SolutionConfigurationPlatforms) = preSolution
		Debug|Any CPU = Debug|Any CPU
		Release|Any CPU = Release|Any CPU
	EndGlobalSection
	GlobalSection(ProjectConfigurationPlatforms) = postSolution
		{11D4F2AB-4A87-4DD1-8324-ACA107529563}.Debug|Any CPU.ActiveCfg = Debug|Any CPU
		{11D4F2AB-4A87-4DD1-8324-ACA107529563}.Debug|Any CPU.Build.0 = Debug|Any CPU
		{11D4F2AB-4A87-4DD1-8324-ACA107529563}.Release|Any CPU.ActiveCfg = Release|Any CPU
		{11D4F2AB-4A87-4DD1-8324-ACA107529563}.Release|Any CPU.Build.0 = Release|Any CPU
		{9CD1BD8B-B9A6-431E-A9BE-115795709EDA}.Debug|Any CPU.ActiveCfg = Debug|Any CPU
		{9CD1BD8B-B9A6-431E-A9BE-115795709EDA}.Debug|Any CPU.Build.0 = Debug|Any CPU
		{9CD1BD8B-B9A6-431E-A9BE-115795709EDA}.Release|Any CPU.ActiveCfg = Release|Any CPU
		{9CD1BD8B-B9A6-431E-A9BE-115795709EDA}.Release|Any CPU.Build.0 = Release|Any CPU
		{0AE897CE-A25E-4F62-88BB-C2796B41C138}.Debug|Any CPU.ActiveCfg = Debug|Any CPU
		{0AE897CE-A25E-4F62-88BB-C2796B41C138}.Debug|Any CPU.Build.0 = Debug|Any CPU
		{0AE897CE-A25E-4F62-88BB-C2796B41C138}.Release|Any CPU.ActiveCfg = Release|Any CPU
		{0AE897CE-A25E-4F62-88BB-C2796B41C138}.Release|Any CPU.Build.0 = Release|Any CPU
	EndGlobalSection
	GlobalSection(SolutionProperties) = preSolution
		HideSolutionNode = FALSE
	EndGlobalSection
	GlobalSection(ExtensibilityGlobals) = postSolution
		SolutionGuid = {FD640BCC-C985-4C6F-9C9F-AD6D37916AEB}
	EndGlobalSection
EndGlobal
