
Microsoft Visual Studio Solution File, Format Version 12.00
# Visual Studio Version 17
VisualStudioVersion = 17.7.34221.43
MinimumVisualStudioVersion = 10.0.40219.1
Project("{FAE04EC0-301F-11D3-BF4B-00C04F79EFBC}") = "01. Math Operations", "Operations\01. Math Operations.csproj", "{5584F1A4-DA5B-422E-80DE-AF05FBE56486}"
EndProject
Project("{FAE04EC0-301F-11D3-BF4B-00C04F79EFBC}") = "02.Animals", "Animals\02.Animals.csproj", "{E35C42FB-937E-4017-9B9E-96EE09506E86}"
EndProject
Project("{FAE04EC0-301F-11D3-BF4B-00C04F79EFBC}") = "03.Shapes", "Shapes\03.Shapes.csproj", "{E45CE2F3-EE5B-4B64-AAEC-2A9A356F5D2E}"
EndProject
Global
	GlobalSection(SolutionConfigurationPlatforms) = preSolution
		Debug|Any CPU = Debug|Any CPU
		Release|Any CPU = Release|Any CPU
	EndGlobalSection
	GlobalSection(ProjectConfigurationPlatforms) = postSolution
		{5584F1A4-DA5B-422E-80DE-AF05FBE56486}.Debug|Any CPU.ActiveCfg = Debug|Any CPU
		{5584F1A4-DA5B-422E-80DE-AF05FBE56486}.Debug|Any CPU.Build.0 = Debug|Any CPU
		{5584F1A4-DA5B-422E-80DE-AF05FBE56486}.Release|Any CPU.ActiveCfg = Release|Any CPU
		{5584F1A4-DA5B-422E-80DE-AF05FBE56486}.Release|Any CPU.Build.0 = Release|Any CPU
		{E35C42FB-937E-4017-9B9E-96EE09506E86}.Debug|Any CPU.ActiveCfg = Debug|Any CPU
		{E35C42FB-937E-4017-9B9E-96EE09506E86}.Debug|Any CPU.Build.0 = Debug|Any CPU
		{E35C42FB-937E-4017-9B9E-96EE09506E86}.Release|Any CPU.ActiveCfg = Release|Any CPU
		{E35C42FB-937E-4017-9B9E-96EE09506E86}.Release|Any CPU.Build.0 = Release|Any CPU
		{E45CE2F3-EE5B-4B64-AAEC-2A9A356F5D2E}.Debug|Any CPU.ActiveCfg = Debug|Any CPU
		{E45CE2F3-EE5B-4B64-AAEC-2A9A356F5D2E}.Debug|Any CPU.Build.0 = Debug|Any CPU
		{E45CE2F3-EE5B-4B64-AAEC-2A9A356F5D2E}.Release|Any CPU.ActiveCfg = Release|Any CPU
		{E45CE2F3-EE5B-4B64-AAEC-2A9A356F5D2E}.Release|Any CPU.Build.0 = Release|Any CPU
	EndGlobalSection
	GlobalSection(SolutionProperties) = preSolution
		HideSolutionNode = FALSE
	EndGlobalSection
	GlobalSection(ExtensibilityGlobals) = postSolution
		SolutionGuid = {01D28D20-95F9-4D93-A95B-56EC31759E52}
	EndGlobalSection
EndGlobal
